
Microsoft Visual Studio Solution File, Format Version 12.00
# Visual Studio Version 17
VisualStudioVersion = 17.7.34202.233
MinimumVisualStudioVersion = 10.0.40219.1
Project("{9A19103F-16F7-4668-BE54-9A1E7A4F7556}") = "MultiplesOfThreeOrFive", "MultiplesOfThreeOrFive\MultiplesOfThreeOrFive.csproj", "{18D51025-A103-4356-B54C-B53F6AA79EC0}"
EndProject
Project("{9A19103F-16F7-4668-BE54-9A1E7A4F7556}") = "EvenFibonacciNumber", "EvenFibonacciNumber\EvenFibonacciNumber.csproj", "{943A7FB7-64AB-4AB9-B043-FC049F2F6C53}"
EndProject
Project("{FAE04EC0-301F-11D3-BF4B-00C04F79EFBC}") = "LargestPrimeFactor", "LargestPrimeFactor\LargestPrimeFactor.csproj", "{42601BCA-5820-44E4-9412-097AE482EC64}"
EndProject
Project("{FAE04EC0-301F-11D3-BF4B-00C04F79EFBC}") = "LargestPalindromeProduct", "LargestPalindromeProduct\LargestPalindromeProduct.csproj", "{95E15C6A-AE55-49BC-BE6D-74EF82064352}"
EndProject
Global
	GlobalSection(SolutionConfigurationPlatforms) = preSolution
		Debug|Any CPU = Debug|Any CPU
		Release|Any CPU = Release|Any CPU
	EndGlobalSection
	GlobalSection(ProjectConfigurationPlatforms) = postSolution
		{18D51025-A103-4356-B54C-B53F6AA79EC0}.Debug|Any CPU.ActiveCfg = Debug|Any CPU
		{18D51025-A103-4356-B54C-B53F6AA79EC0}.Debug|Any CPU.Build.0 = Debug|Any CPU
		{18D51025-A103-4356-B54C-B53F6AA79EC0}.Release|Any CPU.ActiveCfg = Release|Any CPU
		{18D51025-A103-4356-B54C-B53F6AA79EC0}.Release|Any CPU.Build.0 = Release|Any CPU
		{943A7FB7-64AB-4AB9-B043-FC049F2F6C53}.Debug|Any CPU.ActiveCfg = Debug|Any CPU
		{943A7FB7-64AB-4AB9-B043-FC049F2F6C53}.Debug|Any CPU.Build.0 = Debug|Any CPU
		{943A7FB7-64AB-4AB9-B043-FC049F2F6C53}.Release|Any CPU.ActiveCfg = Release|Any CPU
		{943A7FB7-64AB-4AB9-B043-FC049F2F6C53}.Release|Any CPU.Build.0 = Release|Any CPU
		{42601BCA-5820-44E4-9412-097AE482EC64}.Debug|Any CPU.ActiveCfg = Debug|Any CPU
		{42601BCA-5820-44E4-9412-097AE482EC64}.Debug|Any CPU.Build.0 = Debug|Any CPU
		{42601BCA-5820-44E4-9412-097AE482EC64}.Release|Any CPU.ActiveCfg = Release|Any CPU
		{42601BCA-5820-44E4-9412-097AE482EC64}.Release|Any CPU.Build.0 = Release|Any CPU
		{95E15C6A-AE55-49BC-BE6D-74EF82064352}.Debug|Any CPU.ActiveCfg = Debug|Any CPU
		{95E15C6A-AE55-49BC-BE6D-74EF82064352}.Debug|Any CPU.Build.0 = Debug|Any CPU
		{95E15C6A-AE55-49BC-BE6D-74EF82064352}.Release|Any CPU.ActiveCfg = Release|Any CPU
		{95E15C6A-AE55-49BC-BE6D-74EF82064352}.Release|Any CPU.Build.0 = Release|Any CPU
	EndGlobalSection
	GlobalSection(SolutionProperties) = preSolution
		HideSolutionNode = FALSE
	EndGlobalSection
	GlobalSection(ExtensibilityGlobals) = postSolution
		SolutionGuid = {33AF8558-A9CA-472E-B59C-FD7ADC6C7A14}
	EndGlobalSection
EndGlobal
